
Microsoft Visual Studio Solution File, Format Version 12.00
# Visual Studio Version 18
VisualStudioVersion = 18.0.0.0
MinimumVisualStudioVersion = 10.0.40219.1
Project("{9A19103F-16F7-4668-BE54-9A1E7A4F7556}") = "WinTune.App", "src\WinTune.App\WinTune.App.csproj", "{A1B2C3D4-E5F6-7890-ABCD-EF1234567890}"
EndProject
Project("{9A19103F-16F7-4668-BE54-9A1E7A4F7556}") = "WinTune.Sdk", "src\WinTune.Sdk\WinTune.Sdk.csproj", "{B2C3D4E5-F6A7-8901-BCDE-F12345678901}"
EndProject
Project("{9A19103F-16F7-4668-BE54-9A1E7A4F7556}") = "WinTune.Core", "src\WinTune.Core\WinTune.Core.csproj", "{C3D4E5F6-A7B8-9012-CDEF-123456789012}"
EndProject
Project("{9A19103F-16F7-4668-BE54-9A1E7A4F7556}") = "WinTune.Broker", "src\WinTune.Broker\WinTune.Broker.csproj", "{D4E5F6A7-B8C9-0123-DEF0-234567890123}"
EndProject
Project("{9A19103F-16F7-4668-BE54-9A1E7A4F7556}") = "WinTune.Broker.Contracts", "src\WinTune.Broker.Contracts\WinTune.Broker.Contracts.csproj", "{E5F6A7B8-C9D0-1234-EF01-345678901234}"
EndProject
Project("{9A19103F-16F7-4668-BE54-9A1E7A4F7556}") = "WinTune.Monitor", "src\WinTune.Monitor\WinTune.Monitor.csproj", "{F6A7B8C9-D0E1-2345-F012-456789012345}"
EndProject
Project("{9A19103F-16F7-4668-BE54-9A1E7A4F7556}") = "WinTune.Data", "src\WinTune.Data\WinTune.Data.csproj", "{A7B8C9D0-E1F2-3456-0123-567890123456}"
EndProject
Project("{9A19103F-16F7-4668-BE54-9A1E7A4F7556}") = "WinTune.Interop", "src\WinTune.Interop\WinTune.Interop.csproj", "{B8C9D0E1-F2A3-4567-1234-678901234567}"
EndProject
Project("{9A19103F-16F7-4668-BE54-9A1E7A4F7556}") = "WinTune.Ai", "src\WinTune.Ai\WinTune.Ai.csproj", "{C9D0E1F2-A3B4-5678-2345-789012345678}"
EndProject
Project("{9A19103F-16F7-4668-BE54-9A1E7A4F7556}") = "WinTune.Plugins.Cleanup", "src\plugins\WinTune.Plugins.Cleanup\WinTune.Plugins.Cleanup.csproj", "{D0E1F2A3-B4C5-6789-3456-890123456789}"
EndProject
Project("{9A19103F-16F7-4668-BE54-9A1E7A4F7556}") = "WinTune.Plugins.Performance", "src\plugins\WinTune.Plugins.Performance\WinTune.Plugins.Performance.csproj", "{E1F2A3B4-C5D6-7890-4567-901234567890}"
EndProject
Project("{9A19103F-16F7-4668-BE54-9A1E7A4F7556}") = "WinTune.Plugins.Privacy", "src\plugins\WinTune.Plugins.Privacy\WinTune.Plugins.Privacy.csproj", "{F2A3B4C5-D6E7-8901-5678-012345678901}"
EndProject
Project("{9A19103F-16F7-4668-BE54-9A1E7A4F7556}") = "WinTune.Plugins.Gaming", "src\plugins\WinTune.Plugins.Gaming\WinTune.Plugins.Gaming.csproj", "{A3B4C5D6-E7F8-9012-6789-123456789012}"
EndProject
Project("{9A19103F-16F7-4668-BE54-9A1E7A4F7556}") = "WinTune.Plugins.Storage", "src\plugins\WinTune.Plugins.Storage\WinTune.Plugins.Storage.csproj", "{B4C5D6E7-F8A9-0123-7890-234567890123}"
EndProject
Project("{9A19103F-16F7-4668-BE54-9A1E7A4F7556}") = "WinTune.Plugins.Network", "src\plugins\WinTune.Plugins.Network\WinTune.Plugins.Network.csproj", "{C5D6E7F8-A9B0-1234-8901-345678901234}"
EndProject
Project("{9A19103F-16F7-4668-BE54-9A1E7A4F7556}") = "WinTune.Plugins.Devtools", "src\plugins\WinTune.Plugins.Devtools\WinTune.Plugins.Devtools.csproj", "{D6E7F8A9-B0C1-2345-9012-456789012345}"
EndProject
Project("{9A19103F-16F7-4668-BE54-9A1E7A4F7556}") = "WinTune.Core.Tests", "tests\WinTune.Core.Tests\WinTune.Core.Tests.csproj", "{E7F8A9B0-C1D2-3456-0123-567890123456}"
EndProject
Project("{9A19103F-16F7-4668-BE54-9A1E7A4F7556}") = "WinTune.Broker.Tests", "tests\WinTune.Broker.Tests\WinTune.Broker.Tests.csproj", "{F8A9B0C1-D2E3-4567-1234-678901234567}"
EndProject
Project("{9A19103F-16F7-4668-BE54-9A1E7A4F7556}") = "WinTune.Plugins.Cleanup.Tests", "tests\WinTune.Plugins.Cleanup.Tests\WinTune.Plugins.Cleanup.Tests.csproj", "{A9B0C1D2-E3F4-5678-2345-789012345678}"
EndProject
Project("{2150E333-8FDC-42A3-9474-1A3956D46DE8}") = "tests", "tests", "{0AB3BF05-4346-4AA6-1389-037BE0695223}"
EndProject
Project("{FAE04EC0-301F-11D3-BF4B-00C04F79EFBC}") = "WinTune.Plugins.Gaming.Tests", "tests\WinTune.Plugins.Gaming.Tests\WinTune.Plugins.Gaming.Tests.csproj", "{2E989700-B0CC-4252-8331-59A3D513FF53}"
EndProject
Project("{2150E333-8FDC-42A3-9474-1A3956D46DE8}") = "src", "src", "{827E0CD3-B72D-47B6-A68D-7590B98EB39B}"
EndProject
Project("{2150E333-8FDC-42A3-9474-1A3956D46DE8}") = "plugins", "plugins", "{58D3A2C3-F96F-5E57-2C6B-ECE59D6A18FC}"
EndProject
Project("{FAE04EC0-301F-11D3-BF4B-00C04F79EFBC}") = "WinTune.Plugins.Storage.Tests", "tests\WinTune.Plugins.Storage.Tests\WinTune.Plugins.Storage.Tests.csproj", "{048F8C33-D6F8-494D-BC4A-652CF2FE6AC2}"
EndProject
Project("{FAE04EC0-301F-11D3-BF4B-00C04F79EFBC}") = "WinTune.Plugins.Network.Tests", "tests\WinTune.Plugins.Network.Tests\WinTune.Plugins.Network.Tests.csproj", "{FC8A0417-D6CB-494B-B166-441794D18BDF}"
EndProject
Project("{FAE04EC0-301F-11D3-BF4B-00C04F79EFBC}") = "WinTune.Plugins.Devtools.Tests", "tests\WinTune.Plugins.Devtools.Tests\WinTune.Plugins.Devtools.Tests.csproj", "{FF7549C8-6E70-4A58-93AC-29F5F36A6513}"
EndProject
Project("{FAE04EC0-301F-11D3-BF4B-00C04F79EFBC}") = "WinTune.Plugins.Monitoring.Tests", "tests\WinTune.Plugins.Monitoring.Tests\WinTune.Plugins.Monitoring.Tests.csproj", "{4FF2C240-29A3-4EA2-9BAC-99F35BB195E7}"
EndProject
Project("{FAE04EC0-301F-11D3-BF4B-00C04F79EFBC}") = "WinTune.Plugins.Monitoring", "src\plugins\WinTune.Plugins.Monitoring\WinTune.Plugins.Monitoring.csproj", "{94CA0E45-58E8-4DF0-86C9-569E0268E448}"
EndProject
Project("{FAE04EC0-301F-11D3-BF4B-00C04F79EFBC}") = "WinTune.Plugins.Backup.Tests", "tests\WinTune.Plugins.Backup.Tests\WinTune.Plugins.Backup.Tests.csproj", "{A43FEE2F-45D3-46B0-9335-F9DFE393FBB4}"
EndProject
Project("{FAE04EC0-301F-11D3-BF4B-00C04F79EFBC}") = "WinTune.Plugins.Backup", "src\plugins\WinTune.Plugins.Backup\WinTune.Plugins.Backup.csproj", "{95FACBCE-5A2B-4224-94B5-42CE158FD262}"
EndProject
Project("{FAE04EC0-301F-11D3-BF4B-00C04F79EFBC}") = "WinTune.Plugins.Performance.Tests", "tests\WinTune.Plugins.Performance.Tests\WinTune.Plugins.Performance.Tests.csproj", "{16C15572-1AAA-488B-994B-29BAF29C567A}"
EndProject
Project("{FAE04EC0-301F-11D3-BF4B-00C04F79EFBC}") = "WinTune.Plugins.Privacy.Tests", "tests\WinTune.Plugins.Privacy.Tests\WinTune.Plugins.Privacy.Tests.csproj", "{4B2276F2-33C4-4B86-8155-668220186883}"
EndProject
Project("{FAE04EC0-301F-11D3-BF4B-00C04F79EFBC}") = "WinTune.Plugins.Power.Tests", "tests\WinTune.Plugins.Power.Tests\WinTune.Plugins.Power.Tests.csproj", "{246FE8A1-8559-4411-8A80-1145FEEA0EFF}"
EndProject
Project("{FAE04EC0-301F-11D3-BF4B-00C04F79EFBC}") = "WinTune.Plugins.Power", "src\plugins\WinTune.Plugins.Power\WinTune.Plugins.Power.csproj", "{AA16BDF7-162E-48F8-828A-79381F435F5F}"
EndProject
Global
	GlobalSection(SolutionConfigurationPlatforms) = preSolution
		Debug|x64 = Debug|x64
		Debug|Any CPU = Debug|Any CPU
		Debug|x86 = Debug|x86
		Release|x64 = Release|x64
		Release|Any CPU = Release|Any CPU
		Release|x86 = Release|x86
	EndGlobalSection
	GlobalSection(ProjectConfigurationPlatforms) = postSolution
		{A1B2C3D4-E5F6-7890-ABCD-EF1234567890}.Debug|x64.ActiveCfg = Debug|x64
		{A1B2C3D4-E5F6-7890-ABCD-EF1234567890}.Debug|x64.Build.0 = Debug|x64
		{A1B2C3D4-E5F6-7890-ABCD-EF1234567890}.Debug|Any CPU.ActiveCfg = Debug|Any CPU
		{A1B2C3D4-E5F6-7890-ABCD-EF1234567890}.Debug|Any CPU.Build.0 = Debug|Any CPU
		{A1B2C3D4-E5F6-7890-ABCD-EF1234567890}.Debug|x86.ActiveCfg = Debug|Any CPU
		{A1B2C3D4-E5F6-7890-ABCD-EF1234567890}.Debug|x86.Build.0 = Debug|Any CPU
		{A1B2C3D4-E5F6-7890-ABCD-EF1234567890}.Release|x64.ActiveCfg = Release|x64
		{A1B2C3D4-E5F6-7890-ABCD-EF1234567890}.Release|x64.Build.0 = Release|x64
		{A1B2C3D4-E5F6-7890-ABCD-EF1234567890}.Release|Any CPU.ActiveCfg = Release|Any CPU
		{A1B2C3D4-E5F6-7890-ABCD-EF1234567890}.Release|Any CPU.Build.0 = Release|Any CPU
		{A1B2C3D4-E5F6-7890-ABCD-EF1234567890}.Release|x86.ActiveCfg = Release|Any CPU
		{A1B2C3D4-E5F6-7890-ABCD-EF1234567890}.Release|x86.Build.0 = Release|Any CPU
		{B2C3D4E5-F6A7-8901-BCDE-F12345678901}.Debug|x64.ActiveCfg = Debug|x64
		{B2C3D4E5-F6A7-8901-BCDE-F12345678901}.Debug|x64.Build.0 = Debug|x64
		{B2C3D4E5-F6A7-8901-BCDE-F12345678901}.Debug|Any CPU.ActiveCfg = Debug|Any CPU
		{B2C3D4E5-F6A7-8901-BCDE-F12345678901}.Debug|Any CPU.Build.0 = Debug|Any CPU
		{B2C3D4E5-F6A7-8901-BCDE-F12345678901}.Debug|x86.ActiveCfg = Debug|Any CPU
		{B2C3D4E5-F6A7-8901-BCDE-F12345678901}.Debug|x86.Build.0 = Debug|Any CPU
		{B2C3D4E5-F6A7-8901-BCDE-F12345678901}.Release|x64.ActiveCfg = Release|x64
		{B2C3D4E5-F6A7-8901-BCDE-F12345678901}.Release|x64.Build.0 = Release|x64
		{B2C3D4E5-F6A7-8901-BCDE-F12345678901}.Release|Any CPU.ActiveCfg = Release|Any CPU
		{B2C3D4E5-F6A7-8901-BCDE-F12345678901}.Release|Any CPU.Build.0 = Release|Any CPU
		{B2C3D4E5-F6A7-8901-BCDE-F12345678901}.Release|x86.ActiveCfg = Release|Any CPU
		{B2C3D4E5-F6A7-8901-BCDE-F12345678901}.Release|x86.Build.0 = Release|Any CPU
		{C3D4E5F6-A7B8-9012-CDEF-123456789012}.Debug|x64.ActiveCfg = Debug|x64
		{C3D4E5F6-A7B8-9012-CDEF-123456789012}.Debug|x64.Build.0 = Debug|x64
		{C3D4E5F6-A7B8-9012-CDEF-123456789012}.Debug|Any CPU.ActiveCfg = Debug|Any CPU
		{C3D4E5F6-A7B8-9012-CDEF-123456789012}.Debug|Any CPU.Build.0 = Debug|Any CPU
		{C3D4E5F6-A7B8-9012-CDEF-123456789012}.Debug|x86.ActiveCfg = Debug|Any CPU
		{C3D4E5F6-A7B8-9012-CDEF-123456789012}.Debug|x86.Build.0 = Debug|Any CPU
		{C3D4E5F6-A7B8-9012-CDEF-123456789012}.Release|x64.ActiveCfg = Release|x64
		{C3D4E5F6-A7B8-9012-CDEF-123456789012}.Release|x64.Build.0 = Release|x64
		{C3D4E5F6-A7B8-9012-CDEF-123456789012}.Release|Any CPU.ActiveCfg = Release|Any CPU
		{C3D4E5F6-A7B8-9012-CDEF-123456789012}.Release|Any CPU.Build.0 = Release|Any CPU
		{C3D4E5F6-A7B8-9012-CDEF-123456789012}.Release|x86.ActiveCfg = Release|Any CPU
		{C3D4E5F6-A7B8-9012-CDEF-123456789012}.Release|x86.Build.0 = Release|Any CPU
		{D4E5F6A7-B8C9-0123-DEF0-234567890123}.Debug|x64.ActiveCfg = Debug|x64
		{D4E5F6A7-B8C9-0123-DEF0-234567890123}.Debug|x64.Build.0 = Debug|x64
		{D4E5F6A7-B8C9-0123-DEF0-234567890123}.Debug|Any CPU.ActiveCfg = Debug|Any CPU
		{D4E5F6A7-B8C9-0123-DEF0-234567890123}.Debug|Any CPU.Build.0 = Debug|Any CPU
		{D4E5F6A7-B8C9-0123-DEF0-234567890123}.Debug|x86.ActiveCfg = Debug|Any CPU
		{D4E5F6A7-B8C9-0123-DEF0-234567890123}.Debug|x86.Build.0 = Debug|Any CPU
		{D4E5F6A7-B8C9-0123-DEF0-234567890123}.Release|x64.ActiveCfg = Release|x64
		{D4E5F6A7-B8C9-0123-DEF0-234567890123}.Release|x64.Build.0 = Release|x64
		{D4E5F6A7-B8C9-0123-DEF0-234567890123}.Release|Any CPU.ActiveCfg = Release|Any CPU
		{D4E5F6A7-B8C9-0123-DEF0-234567890123}.Release|Any CPU.Build.0 = Release|Any CPU
		{D4E5F6A7-B8C9-0123-DEF0-234567890123}.Release|x86.ActiveCfg = Release|Any CPU
		{D4E5F6A7-B8C9-0123-DEF0-234567890123}.Release|x86.Build.0 = Release|Any CPU
		{E5F6A7B8-C9D0-1234-EF01-345678901234}.Debug|x64.ActiveCfg = Debug|x64
		{E5F6A7B8-C9D0-1234-EF01-345678901234}.Debug|x64.Build.0 = Debug|x64
		{E5F6A7B8-C9D0-1234-EF01-345678901234}.Debug|Any CPU.ActiveCfg = Debug|Any CPU
		{E5F6A7B8-C9D0-1234-EF01-345678901234}.Debug|Any CPU.Build.0 = Debug|Any CPU
		{E5F6A7B8-C9D0-1234-EF01-345678901234}.Debug|x86.ActiveCfg = Debug|Any CPU
		{E5F6A7B8-C9D0-1234-EF01-345678901234}.Debug|x86.Build.0 = Debug|Any CPU
		{E5F6A7B8-C9D0-1234-EF01-345678901234}.Release|x64.ActiveCfg = Release|x64
		{E5F6A7B8-C9D0-1234-EF01-345678901234}.Release|x64.Build.0 = Release|x64
		{E5F6A7B8-C9D0-1234-EF01-345678901234}.Release|Any CPU.ActiveCfg = Release|Any CPU
		{E5F6A7B8-C9D0-1234-EF01-345678901234}.Release|Any CPU.Build.0 = Release|Any CPU
		{E5F6A7B8-C9D0-1234-EF01-345678901234}.Release|x86.ActiveCfg = Release|Any CPU
		{E5F6A7B8-C9D0-1234-EF01-345678901234}.Release|x86.Build.0 = Release|Any CPU
		{F6A7B8C9-D0E1-2345-F012-456789012345}.Debug|x64.ActiveCfg = Debug|x64
		{F6A7B8C9-D0E1-2345-F012-456789012345}.Debug|x64.Build.0 = Debug|x64
		{F6A7B8C9-D0E1-2345-F012-456789012345}.Debug|Any CPU.ActiveCfg = Debug|Any CPU
		{F6A7B8C9-D0E1-2345-F012-456789012345}.Debug|Any CPU.Build.0 = Debug|Any CPU
		{F6A7B8C9-D0E1-2345-F012-456789012345}.Debug|x86.ActiveCfg = Debug|Any CPU
		{F6A7B8C9-D0E1-2345-F012-456789012345}.Debug|x86.Build.0 = Debug|Any CPU
		{F6A7B8C9-D0E1-2345-F012-456789012345}.Release|x64.ActiveCfg = Release|x64
		{F6A7B8C9-D0E1-2345-F012-456789012345}.Release|x64.Build.0 = Release|x64
		{F6A7B8C9-D0E1-2345-F012-456789012345}.Release|Any CPU.ActiveCfg = Release|Any CPU
		{F6A7B8C9-D0E1-2345-F012-456789012345}.Release|Any CPU.Build.0 = Release|Any CPU
		{F6A7B8C9-D0E1-2345-F012-456789012345}.Release|x86.ActiveCfg = Release|Any CPU
		{F6A7B8C9-D0E1-2345-F012-456789012345}.Release|x86.Build.0 = Release|Any CPU
		{A7B8C9D0-E1F2-3456-0123-567890123456}.Debug|x64.ActiveCfg = Debug|x64
		{A7B8C9D0-E1F2-3456-0123-567890123456}.Debug|x64.Build.0 = Debug|x64
		{A7B8C9D0-E1F2-3456-0123-567890123456}.Debug|Any CPU.ActiveCfg = Debug|Any CPU
		{A7B8C9D0-E1F2-3456-0123-567890123456}.Debug|Any CPU.Build.0 = Debug|Any CPU
		{A7B8C9D0-E1F2-3456-0123-567890123456}.Debug|x86.ActiveCfg = Debug|Any CPU
		{A7B8C9D0-E1F2-3456-0123-567890123456}.Debug|x86.Build.0 = Debug|Any CPU
		{A7B8C9D0-E1F2-3456-0123-567890123456}.Release|x64.ActiveCfg = Release|x64
		{A7B8C9D0-E1F2-3456-0123-567890123456}.Release|x64.Build.0 = Release|x64
		{A7B8C9D0-E1F2-3456-0123-567890123456}.Release|Any CPU.ActiveCfg = Release|Any CPU
		{A7B8C9D0-E1F2-3456-0123-567890123456}.Release|Any CPU.Build.0 = Release|Any CPU
		{A7B8C9D0-E1F2-3456-0123-567890123456}.Release|x86.ActiveCfg = Release|Any CPU
		{A7B8C9D0-E1F2-3456-0123-567890123456}.Release|x86.Build.0 = Release|Any CPU
		{B8C9D0E1-F2A3-4567-1234-678901234567}.Debug|x64.ActiveCfg = Debug|x64
		{B8C9D0E1-F2A3-4567-1234-678901234567}.Debug|x64.Build.0 = Debug|x64
		{B8C9D0E1-F2A3-4567-1234-678901234567}.Debug|Any CPU.ActiveCfg = Debug|Any CPU
		{B8C9D0E1-F2A3-4567-1234-678901234567}.Debug|Any CPU.Build.0 = Debug|Any CPU
		{B8C9D0E1-F2A3-4567-1234-678901234567}.Debug|x86.ActiveCfg = Debug|Any CPU
		{B8C9D0E1-F2A3-4567-1234-678901234567}.Debug|x86.Build.0 = Debug|Any CPU
		{B8C9D0E1-F2A3-4567-1234-678901234567}.Release|x64.ActiveCfg = Release|x64
		{B8C9D0E1-F2A3-4567-1234-678901234567}.Release|x64.Build.0 = Release|x64
		{B8C9D0E1-F2A3-4567-1234-678901234567}.Release|Any CPU.ActiveCfg = Release|Any CPU
		{B8C9D0E1-F2A3-4567-1234-678901234567}.Release|Any CPU.Build.0 = Release|Any CPU
		{B8C9D0E1-F2A3-4567-1234-678901234567}.Release|x86.ActiveCfg = Release|Any CPU
		{B8C9D0E1-F2A3-4567-1234-678901234567}.Release|x86.Build.0 = Release|Any CPU
		{C9D0E1F2-A3B4-5678-2345-789012345678}.Debug|x64.ActiveCfg = Debug|x64
		{C9D0E1F2-A3B4-5678-2345-789012345678}.Debug|x64.Build.0 = Debug|x64
		{C9D0E1F2-A3B4-5678-2345-789012345678}.Debug|Any CPU.ActiveCfg = Debug|Any CPU
		{C9D0E1F2-A3B4-5678-2345-789012345678}.Debug|Any CPU.Build.0 = Debug|Any CPU
		{C9D0E1F2-A3B4-5678-2345-789012345678}.Debug|x86.ActiveCfg = Debug|Any CPU
		{C9D0E1F2-A3B4-5678-2345-789012345678}.Debug|x86.Build.0 = Debug|Any CPU
		{C9D0E1F2-A3B4-5678-2345-789012345678}.Release|x64.ActiveCfg = Release|x64
		{C9D0E1F2-A3B4-5678-2345-789012345678}.Release|x64.Build.0 = Release|x64
		{C9D0E1F2-A3B4-5678-2345-789012345678}.Release|Any CPU.ActiveCfg = Release|Any CPU
		{C9D0E1F2-A3B4-5678-2345-789012345678}.Release|Any CPU.Build.0 = Release|Any CPU
		{C9D0E1F2-A3B4-5678-2345-789012345678}.Release|x86.ActiveCfg = Release|Any CPU
		{C9D0E1F2-A3B4-5678-2345-789012345678}.Release|x86.Build.0 = Release|Any CPU
		{D0E1F2A3-B4C5-6789-3456-890123456789}.Debug|x64.ActiveCfg = Debug|x64
		{D0E1F2A3-B4C5-6789-3456-890123456789}.Debug|x64.Build.0 = Debug|x64
		{D0E1F2A3-B4C5-6789-3456-890123456789}.Debug|Any CPU.ActiveCfg = Debug|Any CPU
		{D0E1F2A3-B4C5-6789-3456-890123456789}.Debug|Any CPU.Build.0 = Debug|Any CPU
		{D0E1F2A3-B4C5-6789-3456-890123456789}.Debug|x86.ActiveCfg = Debug|Any CPU
		{D0E1F2A3-B4C5-6789-3456-890123456789}.Debug|x86.Build.0 = Debug|Any CPU
		{D0E1F2A3-B4C5-6789-3456-890123456789}.Release|x64.ActiveCfg = Release|x64
		{D0E1F2A3-B4C5-6789-3456-890123456789}.Release|x64.Build.0 = Release|x64
		{D0E1F2A3-B4C5-6789-3456-890123456789}.Release|Any CPU.ActiveCfg = Release|Any CPU
		{D0E1F2A3-B4C5-6789-3456-890123456789}.Release|Any CPU.Build.0 = Release|Any CPU
		{D0E1F2A3-B4C5-6789-3456-890123456789}.Release|x86.ActiveCfg = Release|Any CPU
		{D0E1F2A3-B4C5-6789-3456-890123456789}.Release|x86.Build.0 = Release|Any CPU
		{E1F2A3B4-C5D6-7890-4567-901234567890}.Debug|x64.ActiveCfg = Debug|x64
		{E1F2A3B4-C5D6-7890-4567-901234567890}.Debug|x64.Build.0 = Debug|x64
		{E1F2A3B4-C5D6-7890-4567-901234567890}.Debug|Any CPU.ActiveCfg = Debug|Any CPU
		{E1F2A3B4-C5D6-7890-4567-901234567890}.Debug|Any CPU.Build.0 = Debug|Any CPU
		{E1F2A3B4-C5D6-7890-4567-901234567890}.Debug|x86.ActiveCfg = Debug|Any CPU
		{E1F2A3B4-C5D6-7890-4567-901234567890}.Debug|x86.Build.0 = Debug|Any CPU
		{E1F2A3B4-C5D6-7890-4567-901234567890}.Release|x64.ActiveCfg = Release|x64
		{E1F2A3B4-C5D6-7890-4567-901234567890}.Release|x64.Build.0 = Release|x64
		{E1F2A3B4-C5D6-7890-4567-901234567890}.Release|Any CPU.ActiveCfg = Release|Any CPU
		{E1F2A3B4-C5D6-7890-4567-901234567890}.Release|Any CPU.Build.0 = Release|Any CPU
		{E1F2A3B4-C5D6-7890-4567-901234567890}.Release|x86.ActiveCfg = Release|Any CPU
		{E1F2A3B4-C5D6-7890-4567-901234567890}.Release|x86.Build.0 = Release|Any CPU
		{F2A3B4C5-D6E7-8901-5678-012345678901}.Debug|Any CPU.ActiveCfg = Debug|Any CPU
		{F2A3B4C5-D6E7-8901-5678-012345678901}.Debug|Any CPU.Build.0 = Debug|Any CPU
		{F2A3B4C5-D6E7-8901-5678-012345678901}.Debug|x86.ActiveCfg = Debug|Any CPU
		{F2A3B4C5-D6E7-8901-5678-012345678901}.Debug|x86.Build.0 = Debug|Any CPU
		{F2A3B4C5-D6E7-8901-5678-012345678901}.Release|Any CPU.ActiveCfg = Release|Any CPU
		{F2A3B4C5-D6E7-8901-5678-012345678901}.Release|Any CPU.Build.0 = Release|Any CPU
		{F2A3B4C5-D6E7-8901-5678-012345678901}.Release|x86.ActiveCfg = Release|Any CPU
		{F2A3B4C5-D6E7-8901-5678-012345678901}.Release|x86.Build.0 = Release|Any CPU
		{A3B4C5D6-E7F8-9012-6789-123456789012}.Debug|Any CPU.ActiveCfg = Debug|Any CPU
		{A3B4C5D6-E7F8-9012-6789-123456789012}.Debug|Any CPU.Build.0 = Debug|Any CPU
		{A3B4C5D6-E7F8-9012-6789-123456789012}.Debug|x86.ActiveCfg = Debug|Any CPU
		{A3B4C5D6-E7F8-9012-6789-123456789012}.Debug|x86.Build.0 = Debug|Any CPU
		{A3B4C5D6-E7F8-9012-6789-123456789012}.Release|Any CPU.ActiveCfg = Release|Any CPU
		{A3B4C5D6-E7F8-9012-6789-123456789012}.Release|Any CPU.Build.0 = Release|Any CPU
		{A3B4C5D6-E7F8-9012-6789-123456789012}.Release|x86.ActiveCfg = Release|Any CPU
		{A3B4C5D6-E7F8-9012-6789-123456789012}.Release|x86.Build.0 = Release|Any CPU
		{B4C5D6E7-F8A9-0123-7890-234567890123}.Debug|Any CPU.ActiveCfg = Debug|Any CPU
		{B4C5D6E7-F8A9-0123-7890-234567890123}.Debug|Any CPU.Build.0 = Debug|Any CPU
		{B4C5D6E7-F8A9-0123-7890-234567890123}.Debug|x86.ActiveCfg = Debug|Any CPU
		{B4C5D6E7-F8A9-0123-7890-234567890123}.Debug|x86.Build.0 = Debug|Any CPU
		{B4C5D6E7-F8A9-0123-7890-234567890123}.Release|Any CPU.ActiveCfg = Release|Any CPU
		{B4C5D6E7-F8A9-0123-7890-234567890123}.Release|Any CPU.Build.0 = Release|Any CPU
		{B4C5D6E7-F8A9-0123-7890-234567890123}.Release|x86.ActiveCfg = Release|Any CPU
		{B4C5D6E7-F8A9-0123-7890-234567890123}.Release|x86.Build.0 = Release|Any CPU
		{C5D6E7F8-A9B0-1234-8901-345678901234}.Debug|Any CPU.ActiveCfg = Debug|Any CPU
		{C5D6E7F8-A9B0-1234-8901-345678901234}.Debug|Any CPU.Build.0 = Debug|Any CPU
		{C5D6E7F8-A9B0-1234-8901-345678901234}.Debug|x86.ActiveCfg = Debug|Any CPU
		{C5D6E7F8-A9B0-1234-8901-345678901234}.Debug|x86.Build.0 = Debug|Any CPU
		{C5D6E7F8-A9B0-1234-8901-345678901234}.Release|Any CPU.ActiveCfg = Release|Any CPU
		{C5D6E7F8-A9B0-1234-8901-345678901234}.Release|Any CPU.Build.0 = Release|Any CPU
		{C5D6E7F8-A9B0-1234-8901-345678901234}.Release|x86.ActiveCfg = Release|Any CPU
		{C5D6E7F8-A9B0-1234-8901-345678901234}.Release|x86.Build.0 = Release|Any CPU
		{D6E7F8A9-B0C1-2345-9012-456789012345}.Debug|Any CPU.ActiveCfg = Debug|Any CPU
		{D6E7F8A9-B0C1-2345-9012-456789012345}.Debug|Any CPU.Build.0 = Debug|Any CPU
		{D6E7F8A9-B0C1-2345-9012-456789012345}.Debug|x86.ActiveCfg = Debug|Any CPU
		{D6E7F8A9-B0C1-2345-9012-456789012345}.Debug|x86.Build.0 = Debug|Any CPU
		{D6E7F8A9-B0C1-2345-9012-456789012345}.Release|Any CPU.ActiveCfg = Release|Any CPU
		{D6E7F8A9-B0C1-2345-9012-456789012345}.Release|Any CPU.Build.0 = Release|Any CPU
		{D6E7F8A9-B0C1-2345-9012-456789012345}.Release|x86.ActiveCfg = Release|Any CPU
		{D6E7F8A9-B0C1-2345-9012-456789012345}.Release|x86.Build.0 = Release|Any CPU
		{E7F8A9B0-C1D2-3456-0123-567890123456}.Debug|Any CPU.ActiveCfg = Debug|Any CPU
		{E7F8A9B0-C1D2-3456-0123-567890123456}.Debug|Any CPU.Build.0 = Debug|Any CPU
		{E7F8A9B0-C1D2-3456-0123-567890123456}.Debug|x86.ActiveCfg = Debug|Any CPU
		{E7F8A9B0-C1D2-3456-0123-567890123456}.Debug|x86.Build.0 = Debug|Any CPU
		{E7F8A9B0-C1D2-3456-0123-567890123456}.Release|Any CPU.ActiveCfg = Release|Any CPU
		{E7F8A9B0-C1D2-3456-0123-567890123456}.Release|Any CPU.Build.0 = Release|Any CPU
		{E7F8A9B0-C1D2-3456-0123-567890123456}.Release|x86.ActiveCfg = Release|Any CPU
		{E7F8A9B0-C1D2-3456-0123-567890123456}.Release|x86.Build.0 = Release|Any CPU
		{F8A9B0C1-D2E3-4567-1234-678901234567}.Debug|Any CPU.ActiveCfg = Debug|Any CPU
		{F8A9B0C1-D2E3-4567-1234-678901234567}.Debug|Any CPU.Build.0 = Debug|Any CPU
		{F8A9B0C1-D2E3-4567-1234-678901234567}.Debug|x86.ActiveCfg = Debug|Any CPU
		{F8A9B0C1-D2E3-4567-1234-678901234567}.Debug|x86.Build.0 = Debug|Any CPU
		{F8A9B0C1-D2E3-4567-1234-678901234567}.Release|Any CPU.ActiveCfg = Release|Any CPU
		{F8A9B0C1-D2E3-4567-1234-678901234567}.Release|Any CPU.Build.0 = Release|Any CPU
		{F8A9B0C1-D2E3-4567-1234-678901234567}.Release|x86.ActiveCfg = Release|Any CPU
		{F8A9B0C1-D2E3-4567-1234-678901234567}.Release|x86.Build.0 = Release|Any CPU
		{A9B0C1D2-E3F4-5678-2345-789012345678}.Debug|Any CPU.ActiveCfg = Debug|Any CPU
		{A9B0C1D2-E3F4-5678-2345-789012345678}.Debug|Any CPU.Build.0 = Debug|Any CPU
		{A9B0C1D2-E3F4-5678-2345-789012345678}.Debug|x86.ActiveCfg = Debug|Any CPU
		{A9B0C1D2-E3F4-5678-2345-789012345678}.Debug|x86.Build.0 = Debug|Any CPU
		{A9B0C1D2-E3F4-5678-2345-789012345678}.Release|Any CPU.ActiveCfg = Release|Any CPU
		{A9B0C1D2-E3F4-5678-2345-789012345678}.Release|Any CPU.Build.0 = Release|Any CPU
		{A9B0C1D2-E3F4-5678-2345-789012345678}.Release|x86.ActiveCfg = Release|Any CPU
		{A9B0C1D2-E3F4-5678-2345-789012345678}.Release|x86.Build.0 = Release|Any CPU
		{2E989700-B0CC-4252-8331-59A3D513FF53}.Debug|x64.ActiveCfg = Debug|Any CPU
		{2E989700-B0CC-4252-8331-59A3D513FF53}.Debug|x64.Build.0 = Debug|Any CPU
		{2E989700-B0CC-4252-8331-59A3D513FF53}.Debug|Any CPU.ActiveCfg = Debug|Any CPU
		{2E989700-B0CC-4252-8331-59A3D513FF53}.Debug|Any CPU.Build.0 = Debug|Any CPU
		{2E989700-B0CC-4252-8331-59A3D513FF53}.Debug|x86.ActiveCfg = Debug|Any CPU
		{2E989700-B0CC-4252-8331-59A3D513FF53}.Debug|x86.Build.0 = Debug|Any CPU
		{2E989700-B0CC-4252-8331-59A3D513FF53}.Release|x64.ActiveCfg = Release|Any CPU
		{2E989700-B0CC-4252-8331-59A3D513FF53}.Release|x64.Build.0 = Release|Any CPU
		{2E989700-B0CC-4252-8331-59A3D513FF53}.Release|Any CPU.ActiveCfg = Release|Any CPU
		{2E989700-B0CC-4252-8331-59A3D513FF53}.Release|Any CPU.Build.0 = Release|Any CPU
		{2E989700-B0CC-4252-8331-59A3D513FF53}.Release|x86.ActiveCfg = Release|Any CPU
		{2E989700-B0CC-4252-8331-59A3D513FF53}.Release|x86.Build.0 = Release|Any CPU
		{048F8C33-D6F8-494D-BC4A-652CF2FE6AC2}.Debug|x64.ActiveCfg = Debug|Any CPU
		{048F8C33-D6F8-494D-BC4A-652CF2FE6AC2}.Debug|x64.Build.0 = Debug|Any CPU
		{048F8C33-D6F8-494D-BC4A-652CF2FE6AC2}.Debug|Any CPU.ActiveCfg = Debug|Any CPU
		{048F8C33-D6F8-494D-BC4A-652CF2FE6AC2}.Debug|Any CPU.Build.0 = Debug|Any CPU
		{048F8C33-D6F8-494D-BC4A-652CF2FE6AC2}.Debug|x86.ActiveCfg = Debug|Any CPU
		{048F8C33-D6F8-494D-BC4A-652CF2FE6AC2}.Debug|x86.Build.0 = Debug|Any CPU
		{048F8C33-D6F8-494D-BC4A-652CF2FE6AC2}.Release|x64.ActiveCfg = Release|Any CPU
		{048F8C33-D6F8-494D-BC4A-652CF2FE6AC2}.Release|x64.Build.0 = Release|Any CPU
		{048F8C33-D6F8-494D-BC4A-652CF2FE6AC2}.Release|Any CPU.ActiveCfg = Release|Any CPU
		{048F8C33-D6F8-494D-BC4A-652CF2FE6AC2}.Release|Any CPU.Build.0 = Release|Any CPU
		{048F8C33-D6F8-494D-BC4A-652CF2FE6AC2}.Release|x86.ActiveCfg = Release|Any CPU
		{048F8C33-D6F8-494D-BC4A-652CF2FE6AC2}.Release|x86.Build.0 = Release|Any CPU
		{FC8A0417-D6CB-494B-B166-441794D18BDF}.Debug|x64.ActiveCfg = Debug|Any CPU
		{FC8A0417-D6CB-494B-B166-441794D18BDF}.Debug|x64.Build.0 = Debug|Any CPU
		{FC8A0417-D6CB-494B-B166-441794D18BDF}.Debug|Any CPU.ActiveCfg = Debug|Any CPU
		{FC8A0417-D6CB-494B-B166-441794D18BDF}.Debug|Any CPU.Build.0 = Debug|Any CPU
		{FC8A0417-D6CB-494B-B166-441794D18BDF}.Debug|x86.ActiveCfg = Debug|Any CPU
		{FC8A0417-D6CB-494B-B166-441794D18BDF}.Debug|x86.Build.0 = Debug|Any CPU
		{FC8A0417-D6CB-494B-B166-441794D18BDF}.Release|x64.ActiveCfg = Release|Any CPU
		{FC8A0417-D6CB-494B-B166-441794D18BDF}.Release|x64.Build.0 = Release|Any CPU
		{FC8A0417-D6CB-494B-B166-441794D18BDF}.Release|Any CPU.ActiveCfg = Release|Any CPU
		{FC8A0417-D6CB-494B-B166-441794D18BDF}.Release|Any CPU.Build.0 = Release|Any CPU
		{FC8A0417-D6CB-494B-B166-441794D18BDF}.Release|x86.ActiveCfg = Release|Any CPU
		{FC8A0417-D6CB-494B-B166-441794D18BDF}.Release|x86.Build.0 = Release|Any CPU
		{FF7549C8-6E70-4A58-93AC-29F5F36A6513}.Debug|x64.ActiveCfg = Debug|Any CPU
		{FF7549C8-6E70-4A58-93AC-29F5F36A6513}.Debug|x64.Build.0 = Debug|Any CPU
		{FF7549C8-6E70-4A58-93AC-29F5F36A6513}.Debug|Any CPU.ActiveCfg = Debug|Any CPU
		{FF7549C8-6E70-4A58-93AC-29F5F36A6513}.Debug|Any CPU.Build.0 = Debug|Any CPU
		{FF7549C8-6E70-4A58-93AC-29F5F36A6513}.Debug|x86.ActiveCfg = Debug|Any CPU
		{FF7549C8-6E70-4A58-93AC-29F5F36A6513}.Debug|x86.Build.0 = Debug|Any CPU
		{FF7549C8-6E70-4A58-93AC-29F5F36A6513}.Release|x64.ActiveCfg = Release|Any CPU
		{FF7549C8-6E70-4A58-93AC-29F5F36A6513}.Release|x64.Build.0 = Release|Any CPU
		{FF7549C8-6E70-4A58-93AC-29F5F36A6513}.Release|Any CPU.ActiveCfg = Release|Any CPU
		{FF7549C8-6E70-4A58-93AC-29F5F36A6513}.Release|Any CPU.Build.0 = Release|Any CPU
		{FF7549C8-6E70-4A58-93AC-29F5F36A6513}.Release|x86.ActiveCfg = Release|Any CPU
		{FF7549C8-6E70-4A58-93AC-29F5F36A6513}.Release|x86.Build.0 = Release|Any CPU
		{4FF2C240-29A3-4EA2-9BAC-99F35BB195E7}.Debug|x64.ActiveCfg = Debug|Any CPU
		{4FF2C240-29A3-4EA2-9BAC-99F35BB195E7}.Debug|x64.Build.0 = Debug|Any CPU
		{4FF2C240-29A3-4EA2-9BAC-99F35BB195E7}.Debug|Any CPU.ActiveCfg = Debug|Any CPU
		{4FF2C240-29A3-4EA2-9BAC-99F35BB195E7}.Debug|Any CPU.Build.0 = Debug|Any CPU
		{4FF2C240-29A3-4EA2-9BAC-99F35BB195E7}.Debug|x86.ActiveCfg = Debug|Any CPU
		{4FF2C240-29A3-4EA2-9BAC-99F35BB195E7}.Debug|x86.Build.0 = Debug|Any CPU
		{4FF2C240-29A3-4EA2-9BAC-99F35BB195E7}.Release|x64.ActiveCfg = Release|Any CPU
		{4FF2C240-29A3-4EA2-9BAC-99F35BB195E7}.Release|x64.Build.0 = Release|Any CPU
		{4FF2C240-29A3-4EA2-9BAC-99F35BB195E7}.Release|Any CPU.ActiveCfg = Release|Any CPU
		{4FF2C240-29A3-4EA2-9BAC-99F35BB195E7}.Release|Any CPU.Build.0 = Release|Any CPU
		{4FF2C240-29A3-4EA2-9BAC-99F35BB195E7}.Release|x86.ActiveCfg = Release|Any CPU
		{4FF2C240-29A3-4EA2-9BAC-99F35BB195E7}.Release|x86.Build.0 = Release|Any CPU
		{94CA0E45-58E8-4DF0-86C9-569E0268E448}.Debug|x64.ActiveCfg = Debug|Any CPU
		{94CA0E45-58E8-4DF0-86C9-569E0268E448}.Debug|x64.Build.0 = Debug|Any CPU
		{94CA0E45-58E8-4DF0-86C9-569E0268E448}.Debug|Any CPU.ActiveCfg = Debug|Any CPU
		{94CA0E45-58E8-4DF0-86C9-569E0268E448}.Debug|Any CPU.Build.0 = Debug|Any CPU
		{94CA0E45-58E8-4DF0-86C9-569E0268E448}.Debug|x86.ActiveCfg = Debug|Any CPU
		{94CA0E45-58E8-4DF0-86C9-569E0268E448}.Debug|x86.Build.0 = Debug|Any CPU
		{94CA0E45-58E8-4DF0-86C9-569E0268E448}.Release|x64.ActiveCfg = Release|Any CPU
		{94CA0E45-58E8-4DF0-86C9-569E0268E448}.Release|x64.Build.0 = Release|Any CPU
		{94CA0E45-58E8-4DF0-86C9-569E0268E448}.Release|Any CPU.ActiveCfg = Release|Any CPU
		{94CA0E45-58E8-4DF0-86C9-569E0268E448}.Release|Any CPU.Build.0 = Release|Any CPU
		{94CA0E45-58E8-4DF0-86C9-569E0268E448}.Release|x86.ActiveCfg = Release|Any CPU
		{94CA0E45-58E8-4DF0-86C9-569E0268E448}.Release|x86.Build.0 = Release|Any CPU
		{A43FEE2F-45D3-46B0-9335-F9DFE393FBB4}.Debug|x64.ActiveCfg = Debug|Any CPU
		{A43FEE2F-45D3-46B0-9335-F9DFE393FBB4}.Debug|x64.Build.0 = Debug|Any CPU
		{A43FEE2F-45D3-46B0-9335-F9DFE393FBB4}.Debug|Any CPU.ActiveCfg = Debug|Any CPU
		{A43FEE2F-45D3-46B0-9335-F9DFE393FBB4}.Debug|Any CPU.Build.0 = Debug|Any CPU
		{A43FEE2F-45D3-46B0-9335-F9DFE393FBB4}.Debug|x86.ActiveCfg = Debug|Any CPU
		{A43FEE2F-45D3-46B0-9335-F9DFE393FBB4}.Debug|x86.Build.0 = Debug|Any CPU
		{A43FEE2F-45D3-46B0-9335-F9DFE393FBB4}.Release|x64.ActiveCfg = Release|Any CPU
		{A43FEE2F-45D3-46B0-9335-F9DFE393FBB4}.Release|x64.Build.0 = Release|Any CPU
		{A43FEE2F-45D3-46B0-9335-F9DFE393FBB4}.Release|Any CPU.ActiveCfg = Release|Any CPU
		{A43FEE2F-45D3-46B0-9335-F9DFE393FBB4}.Release|Any CPU.Build.0 = Release|Any CPU
		{A43FEE2F-45D3-46B0-9335-F9DFE393FBB4}.Release|x86.ActiveCfg = Release|Any CPU
		{A43FEE2F-45D3-46B0-9335-F9DFE393FBB4}.Release|x86.Build.0 = Release|Any CPU
		{95FACBCE-5A2B-4224-94B5-42CE158FD262}.Debug|x64.ActiveCfg = Debug|Any CPU
		{95FACBCE-5A2B-4224-94B5-42CE158FD262}.Debug|x64.Build.0 = Debug|Any CPU
		{95FACBCE-5A2B-4224-94B5-42CE158FD262}.Debug|Any CPU.ActiveCfg = Debug|Any CPU
		{95FACBCE-5A2B-4224-94B5-42CE158FD262}.Debug|Any CPU.Build.0 = Debug|Any CPU
		{95FACBCE-5A2B-4224-94B5-42CE158FD262}.Debug|x86.ActiveCfg = Debug|Any CPU
		{95FACBCE-5A2B-4224-94B5-42CE158FD262}.Debug|x86.Build.0 = Debug|Any CPU
		{95FACBCE-5A2B-4224-94B5-42CE158FD262}.Release|x64.ActiveCfg = Release|Any CPU
		{95FACBCE-5A2B-4224-94B5-42CE158FD262}.Release|x64.Build.0 = Release|Any CPU
		{95FACBCE-5A2B-4224-94B5-42CE158FD262}.Release|Any CPU.ActiveCfg = Release|Any CPU
		{95FACBCE-5A2B-4224-94B5-42CE158FD262}.Release|Any CPU.Build.0 = Release|Any CPU
		{95FACBCE-5A2B-4224-94B5-42CE158FD262}.Release|x86.ActiveCfg = Release|Any CPU
		{95FACBCE-5A2B-4224-94B5-42CE158FD262}.Release|x86.Build.0 = Release|Any CPU
		{16C15572-1AAA-488B-994B-29BAF29C567A}.Debug|x64.ActiveCfg = Debug|Any CPU
		{16C15572-1AAA-488B-994B-29BAF29C567A}.Debug|x64.Build.0 = Debug|Any CPU
		{16C15572-1AAA-488B-994B-29BAF29C567A}.Debug|Any CPU.ActiveCfg = Debug|Any CPU
		{16C15572-1AAA-488B-994B-29BAF29C567A}.Debug|Any CPU.Build.0 = Debug|Any CPU
		{16C15572-1AAA-488B-994B-29BAF29C567A}.Debug|x86.ActiveCfg = Debug|Any CPU
		{16C15572-1AAA-488B-994B-29BAF29C567A}.Debug|x86.Build.0 = Debug|Any CPU
		{16C15572-1AAA-488B-994B-29BAF29C567A}.Release|x64.ActiveCfg = Release|Any CPU
		{16C15572-1AAA-488B-994B-29BAF29C567A}.Release|x64.Build.0 = Release|Any CPU
		{16C15572-1AAA-488B-994B-29BAF29C567A}.Release|Any CPU.ActiveCfg = Release|Any CPU
		{16C15572-1AAA-488B-994B-29BAF29C567A}.Release|Any CPU.Build.0 = Release|Any CPU
		{16C15572-1AAA-488B-994B-29BAF29C567A}.Release|x86.ActiveCfg = Release|Any CPU
		{16C15572-1AAA-488B-994B-29BAF29C567A}.Release|x86.Build.0 = Release|Any CPU
		{4B2276F2-33C4-4B86-8155-668220186883}.Debug|x64.ActiveCfg = Debug|Any CPU
		{4B2276F2-33C4-4B86-8155-668220186883}.Debug|x64.Build.0 = Debug|Any CPU
		{4B2276F2-33C4-4B86-8155-668220186883}.Debug|Any CPU.ActiveCfg = Debug|Any CPU
		{4B2276F2-33C4-4B86-8155-668220186883}.Debug|Any CPU.Build.0 = Debug|Any CPU
		{4B2276F2-33C4-4B86-8155-668220186883}.Debug|x86.ActiveCfg = Debug|Any CPU
		{4B2276F2-33C4-4B86-8155-668220186883}.Debug|x86.Build.0 = Debug|Any CPU
		{4B2276F2-33C4-4B86-8155-668220186883}.Release|x64.ActiveCfg = Release|Any CPU
		{4B2276F2-33C4-4B86-8155-668220186883}.Release|x64.Build.0 = Release|Any CPU
		{4B2276F2-33C4-4B86-8155-668220186883}.Release|Any CPU.ActiveCfg = Release|Any CPU
		{4B2276F2-33C4-4B86-8155-668220186883}.Release|Any CPU.Build.0 = Release|Any CPU
		{4B2276F2-33C4-4B86-8155-668220186883}.Release|x86.ActiveCfg = Release|Any CPU
		{4B2276F2-33C4-4B86-8155-668220186883}.Release|x86.Build.0 = Release|Any CPU
		{246FE8A1-8559-4411-8A80-1145FEEA0EFF}.Debug|x64.ActiveCfg = Debug|Any CPU
		{246FE8A1-8559-4411-8A80-1145FEEA0EFF}.Debug|x64.Build.0 = Debug|Any CPU
		{246FE8A1-8559-4411-8A80-1145FEEA0EFF}.Debug|Any CPU.ActiveCfg = Debug|Any CPU
		{246FE8A1-8559-4411-8A80-1145FEEA0EFF}.Debug|Any CPU.Build.0 = Debug|Any CPU
		{246FE8A1-8559-4411-8A80-1145FEEA0EFF}.Debug|x86.ActiveCfg = Debug|Any CPU
		{246FE8A1-8559-4411-8A80-1145FEEA0EFF}.Debug|x86.Build.0 = Debug|Any CPU
		{246FE8A1-8559-4411-8A80-1145FEEA0EFF}.Release|x64.ActiveCfg = Release|Any CPU
		{246FE8A1-8559-4411-8A80-1145FEEA0EFF}.Release|x64.Build.0 = Release|Any CPU
		{246FE8A1-8559-4411-8A80-1145FEEA0EFF}.Release|Any CPU.ActiveCfg = Release|Any CPU
		{246FE8A1-8559-4411-8A80-1145FEEA0EFF}.Release|Any CPU.Build.0 = Release|Any CPU
		{246FE8A1-8559-4411-8A80-1145FEEA0EFF}.Release|x86.ActiveCfg = Release|Any CPU
		{246FE8A1-8559-4411-8A80-1145FEEA0EFF}.Release|x86.Build.0 = Release|Any CPU
		{AA16BDF7-162E-48F8-828A-79381F435F5F}.Debug|x64.ActiveCfg = Debug|Any CPU
		{AA16BDF7-162E-48F8-828A-79381F435F5F}.Debug|x64.Build.0 = Debug|Any CPU
		{AA16BDF7-162E-48F8-828A-79381F435F5F}.Debug|Any CPU.ActiveCfg = Debug|Any CPU
		{AA16BDF7-162E-48F8-828A-79381F435F5F}.Debug|Any CPU.Build.0 = Debug|Any CPU
		{AA16BDF7-162E-48F8-828A-79381F435F5F}.Debug|x86.ActiveCfg = Debug|Any CPU
		{AA16BDF7-162E-48F8-828A-79381F435F5F}.Debug|x86.Build.0 = Debug|Any CPU
		{AA16BDF7-162E-48F8-828A-79381F435F5F}.Release|x64.ActiveCfg = Release|Any CPU
		{AA16BDF7-162E-48F8-828A-79381F435F5F}.Release|x64.Build.0 = Release|Any CPU
		{AA16BDF7-162E-48F8-828A-79381F435F5F}.Release|Any CPU.ActiveCfg = Release|Any CPU
		{AA16BDF7-162E-48F8-828A-79381F435F5F}.Release|Any CPU.Build.0 = Release|Any CPU
		{AA16BDF7-162E-48F8-828A-79381F435F5F}.Release|x86.ActiveCfg = Release|Any CPU
		{AA16BDF7-162E-48F8-828A-79381F435F5F}.Release|x86.Build.0 = Release|Any CPU
	EndGlobalSection
	GlobalSection(SolutionProperties) = preSolution
		HideSolutionNode = FALSE
	EndGlobalSection
	GlobalSection(NestedProjects) = preSolution
		{2E989700-B0CC-4252-8331-59A3D513FF53} = {0AB3BF05-4346-4AA6-1389-037BE0695223}
		{58D3A2C3-F96F-5E57-2C6B-ECE59D6A18FC} = {827E0CD3-B72D-47B6-A68D-7590B98EB39B}
		{048F8C33-D6F8-494D-BC4A-652CF2FE6AC2} = {0AB3BF05-4346-4AA6-1389-037BE0695223}
		{FC8A0417-D6CB-494B-B166-441794D18BDF} = {0AB3BF05-4346-4AA6-1389-037BE0695223}
		{FF7549C8-6E70-4A58-93AC-29F5F36A6513} = {0AB3BF05-4346-4AA6-1389-037BE0695223}
		{4FF2C240-29A3-4EA2-9BAC-99F35BB195E7} = {0AB3BF05-4346-4AA6-1389-037BE0695223}
		{94CA0E45-58E8-4DF0-86C9-569E0268E448} = {58D3A2C3-F96F-5E57-2C6B-ECE59D6A18FC}
		{A43FEE2F-45D3-46B0-9335-F9DFE393FBB4} = {0AB3BF05-4346-4AA6-1389-037BE0695223}
		{95FACBCE-5A2B-4224-94B5-42CE158FD262} = {58D3A2C3-F96F-5E57-2C6B-ECE59D6A18FC}
		{16C15572-1AAA-488B-994B-29BAF29C567A} = {0AB3BF05-4346-4AA6-1389-037BE0695223}
		{4B2276F2-33C4-4B86-8155-668220186883} = {0AB3BF05-4346-4AA6-1389-037BE0695223}
		{246FE8A1-8559-4411-8A80-1145FEEA0EFF} = {0AB3BF05-4346-4AA6-1389-037BE0695223}
		{AA16BDF7-162E-48F8-828A-79381F435F5F} = {0AB3BF05-4346-4AA6-1389-037BE0695223}
	EndGlobalSection
EndGlobal
